<?xml version="1.0" encoding="utf-8"?>
<Project ToolsVersion="4.0" xmlns="http://schemas.microsoft.com/developer/msbuild/2003">
  <ItemGroup>
    <Filter Include="源文件">
      <UniqueIdentifier>{4FC737F1-C7A5-4376-A066-2A32D752A2FF}</UniqueIdentifier>
      <Extensions>cpp;c;cc;cxx;def;odl;idl;hpj;bat;asm;asmx</Extensions>
    </Filter>
    <Filter Include="头文件">
      <UniqueIdentifier>{93995380-89BD-4b04-88EB-625FBE52EBFB}</UniqueIdentifier>
      <Extensions>h;hpp;hxx;hm;inl;inc;xsd</Extensions>
    </Filter>
    <Filter Include="资源文件">
      <UniqueIdentifier>{67DA6AB6-F800-4c08-8B7A-83BB121AAD01}</UniqueIdentifier>
      <Extensions>rc;ico;cur;bmp;dlg;rc2;rct;bin;rgs;gif;jpg;jpeg;jpe;resx;tiff;tif;png;wav;mfcribbon-ms</Extensions>
    </Filter>
  </ItemGroup>
  <ItemGroup>
    <None Include="ReadMe.txt" />
    <None Include="inject.min.js" />
  </ItemGroup>
  <ItemGroup>
    <ClInclude Include="stdafx.h">
      <Filter>头文件</Filter>
    </ClInclude>
    <ClInclude Include="targetver.h">
      <Filter>头文件</Filter>
    </ClInclude>
    <ClInclude Include="WrapCef.h">
      <Filter>头文件</Filter>
    </ClInclude>
    <ClInclude Include="client_app.h">
      <Filter>头文件</Filter>
    </ClInclude>
    <ClInclude Include="scheme_test.h">
      <Filter>头文件</Filter>
    </ClInclude>
    <ClInclude Include="client_renderer.h">
      <Filter>头文件</Filter>
    </ClInclude>
    <ClInclude Include="cefclient.h">
      <Filter>头文件</Filter>
    </ClInclude>
    <ClInclude Include="client_handler.h">
      <Filter>头文件</Filter>
    </ClInclude>
    <ClInclude Include="client_switches.h">
      <Filter>头文件</Filter>
    </ClInclude>
    <ClInclude Include="string_util.h">
      <Filter>头文件</Filter>
    </ClInclude>
    <ClInclude Include="cefclient_osr_widget_win.h">
      <Filter>头文件</Filter>
    </ClInclude>
    <ClInclude Include="osrenderer.h">
      <Filter>头文件</Filter>
    </ClInclude>
    <ClInclude Include="WebViewFactory.h">
      <Filter>头文件</Filter>
    </ClInclude>
    <ClInclude Include="Bridage.h">
      <Filter>头文件</Filter>
    </ClInclude>
    <ClInclude Include="BridageRender.h">
      <Filter>头文件</Filter>
    </ClInclude>
    <ClInclude Include="BridageHost.h">
      <Filter>头文件</Filter>
    </ClInclude>
    <ClInclude Include="ResponseHandle.h">
      <Filter>头文件</Filter>
    </ClInclude>
    <ClInclude Include="BrowserIdentifier.h">
      <Filter>头文件</Filter>
    </ClInclude>
    <ClInclude Include="ThreadCombin.h">
      <Filter>头文件</Filter>
    </ClInclude>
    <ClInclude Include="ResponseRender.h">
      <Filter>头文件</Filter>
    </ClInclude>
    <ClInclude Include="ResponseUI.h">
      <Filter>头文件</Filter>
    </ClInclude>
    <ClInclude Include="TipWin.h">
      <Filter>头文件</Filter>
    </ClInclude>
    <ClInclude Include="MainProcQueue.h">
      <Filter>头文件</Filter>
    </ClInclude>
    <ClInclude Include="BlockThread.h">
      <Filter>头文件</Filter>
    </ClInclude>
    <ClInclude Include="ShareHelper.h">
      <Filter>头文件</Filter>
    </ClInclude>
    <ClInclude Include="detectProcess.h">
      <Filter>头文件</Filter>
    </ClInclude>
    <ClInclude Include="WebkitEcho.h">
      <Filter>头文件</Filter>
    </ClInclude>
    <ClInclude Include="NormalWebFactory.h">
      <Filter>头文件</Filter>
    </ClInclude>
    <ClInclude Include="WebkitControl.h">
      <Filter>头文件</Filter>
    </ClInclude>
    <ClInclude Include="SpeedBox.h">
      <Filter>头文件</Filter>
    </ClInclude>
    <ClInclude Include="resource.h">
      <Filter>头文件</Filter>
    </ClInclude>
    <ClInclude Include="globalTools.h">
      <Filter>头文件</Filter>
    </ClInclude>
    <ClInclude Include="cefclient_osr_dragdrop_win.h">
      <Filter>头文件</Filter>
    </ClInclude>
    <ClInclude Include="bytes_write_handler.h">
      <Filter>头文件</Filter>
    </ClInclude>
    <ClInclude Include="HttpTrans.h">
      <Filter>头文件</Filter>
    </ClInclude>
  </ItemGroup>
  <ItemGroup>
    <ClCompile Include="stdafx.cpp">
      <Filter>源文件</Filter>
    </ClCompile>
    <ClCompile Include="WrapCef.cpp">
      <Filter>源文件</Filter>
    </ClCompile>
    <ClCompile Include="dllmain.cpp">
      <Filter>源文件</Filter>
    </ClCompile>
    <ClCompile Include="client_app.cpp">
      <Filter>源文件</Filter>
    </ClCompile>
    <ClCompile Include="scheme_test.cpp">
      <Filter>源文件</Filter>
    </ClCompile>
    <ClCompile Include="client_app_delegates.cpp">
      <Filter>源文件</Filter>
    </ClCompile>
    <ClCompile Include="client_renderer.cpp">
      <Filter>源文件</Filter>
    </ClCompile>
    <ClCompile Include="cefclient.cpp">
      <Filter>源文件</Filter>
    </ClCompile>
    <ClCompile Include="client_handler.cpp">
      <Filter>源文件</Filter>
    </ClCompile>
    <ClCompile Include="client_switches.cpp">
      <Filter>源文件</Filter>
    </ClCompile>
    <ClCompile Include="string_util.cpp">
      <Filter>源文件</Filter>
    </ClCompile>
    <ClCompile Include="client_handler_win.cpp">
      <Filter>源文件</Filter>
    </ClCompile>
    <ClCompile Include="cefclient_osr_widget_win.cpp">
      <Filter>源文件</Filter>
    </ClCompile>
    <ClCompile Include="osrenderer.cpp">
      <Filter>源文件</Filter>
    </ClCompile>
    <ClCompile Include="WebViewFactory.cpp">
      <Filter>源文件</Filter>
    </ClCompile>
    <ClCompile Include="Bridage.cpp">
      <Filter>源文件</Filter>
    </ClCompile>
    <ClCompile Include="BridageRender.cpp">
      <Filter>源文件</Filter>
    </ClCompile>
    <ClCompile Include="BridageHost.cpp">
      <Filter>源文件</Filter>
    </ClCompile>
    <ClCompile Include="CombinThreadComit.cpp">
      <Filter>源文件</Filter>
    </ClCompile>
    <ClCompile Include="cjpickle.cc">
      <Filter>源文件</Filter>
    </ClCompile>
    <ClCompile Include="IPC.cpp">
      <Filter>源文件</Filter>
    </ClCompile>
    <ClCompile Include="ResponseHandle.cpp">
      <Filter>源文件</Filter>
    </ClCompile>
    <ClCompile Include="BrowserIdentifier.cpp">
      <Filter>源文件</Filter>
    </ClCompile>
    <ClCompile Include="ThreadCombin.cpp">
      <Filter>源文件</Filter>
    </ClCompile>
    <ClCompile Include="ResponseRender.cpp">
      <Filter>源文件</Filter>
    </ClCompile>
    <ClCompile Include="ResponseUI.cpp">
      <Filter>源文件</Filter>
    </ClCompile>
    <ClCompile Include="json\json_reader.cpp">
      <Filter>源文件</Filter>
    </ClCompile>
    <ClCompile Include="json\json_value.cpp">
      <Filter>源文件</Filter>
    </ClCompile>
    <ClCompile Include="json\json_writer.cpp">
      <Filter>源文件</Filter>
    </ClCompile>
    <ClCompile Include="TipWin.cpp">
      <Filter>源文件</Filter>
    </ClCompile>
    <ClCompile Include="MainProcQueue.cpp">
      <Filter>源文件</Filter>
    </ClCompile>
    <ClCompile Include="BlockThread.cpp">
      <Filter>源文件</Filter>
    </ClCompile>
    <ClCompile Include="ShareHelper.cpp">
      <Filter>源文件</Filter>
    </ClCompile>
    <ClCompile Include="detectProcess.cpp">
      <Filter>源文件</Filter>
    </ClCompile>
    <ClCompile Include="WebkitEcho.cpp">
      <Filter>源文件</Filter>
    </ClCompile>
    <ClCompile Include="NormalWebFactory.cpp">
      <Filter>源文件</Filter>
    </ClCompile>
    <ClCompile Include="WebkitControl.cpp">
      <Filter>源文件</Filter>
    </ClCompile>
    <ClCompile Include="SpeedBox.cpp">
      <Filter>源文件</Filter>
    </ClCompile>
    <ClCompile Include="globalTools.cpp">
      <Filter>源文件</Filter>
    </ClCompile>
    <ClCompile Include="cefclient_osr_dragdrop_win.cpp">
      <Filter>源文件</Filter>
    </ClCompile>
    <ClCompile Include="bytes_write_handler.cpp">
      <Filter>源文件</Filter>
    </ClCompile>
    <ClCompile Include="HttpTrans.cpp">
      <Filter>源文件</Filter>
    </ClCompile>
  </ItemGroup>
  <ItemGroup>
    <ResourceCompile Include="WrapCef.rc">
      <Filter>资源文件</Filter>
    </ResourceCompile>
  </ItemGroup>
</Project>